{
  "originHash" : "1d9b7bb2d362aad840b9fdba8e3e3f4c7fc8bb4dea7362a6bdbc06511055ced2",
  "pins" : [
    {
      "identity" : "mcpcore",
      "kind" : "remoteSourceControl",
      "location" : "https://github.com/crunchybananas/MCPCore.git",
      "state" : {
        "revision" : "5afc3f1b49b0067eb4e1657e601b3304a4484e26",
        "version" : "1.0.0"
      }
    },
    {
      "identity" : "mcpserverkit",
      "kind" : "remoteSourceControl",
      "location" : "https://github.com/crunchybananas/MCPServerKit.git",
      "state" : {
        "revision" : "4e82e3ec028803d225de46955c00713624805464",
        "version" : "1.0.0"
      }
    }
  ],
  "version" : 3
}
